
Microsoft Visual Studio Solution File, Format Version 12.00
# Visual Studio Version 16
VisualStudioVersion = 16.0.29926.136
MinimumVisualStudioVersion = 10.0.40219.1
Project("{FAE04EC0-301F-11D3-BF4B-00C04F79EFBC}") = "OTP_Messanger.Android", "OTP_Messanger\OTP_Messanger.Android\OTP_Messanger.Android.csproj", "{C8F91A09-27CB-4103-AE87-1CBFED305596}"
EndProject
Project("{FAE04EC0-301F-11D3-BF4B-00C04F79EFBC}") = "OTP_Messanger.iOS", "OTP_Messanger\OTP_Messanger.iOS\OTP_Messanger.iOS.csproj", "{66BF6496-02E1-4030-A968-E693909C0945}"
EndProject
Project("{FAE04EC0-301F-11D3-BF4B-00C04F79EFBC}") = "OTP_Messanger.Web", "OTP_Messanger\OTP_Messanger.Web\OTP_Messanger.Web.csproj", "{8111A4C7-5577-4C00-96EB-2D724FEEFC69}"
EndProject
Project("{FAE04EC0-301F-11D3-BF4B-00C04F79EFBC}") = "OTP_Messanger", "OTP_Messanger\OTP_Messanger\OTP_Messanger.csproj", "{3B58651B-CC49-4875-AA09-536AF4802A4D}"
EndProject
Global
	GlobalSection(SolutionConfigurationPlatforms) = preSolution
		Debug|Any CPU = Debug|Any CPU
		Debug|iPhone = Debug|iPhone
		Debug|iPhoneSimulator = Debug|iPhoneSimulator
		Release|Any CPU = Release|Any CPU
		Release|iPhone = Release|iPhone
		Release|iPhoneSimulator = Release|iPhoneSimulator
	EndGlobalSection
	GlobalSection(ProjectConfigurationPlatforms) = postSolution
		{C8F91A09-27CB-4103-AE87-1CBFED305596}.Debug|Any CPU.ActiveCfg = Debug|Any CPU
		{C8F91A09-27CB-4103-AE87-1CBFED305596}.Debug|Any CPU.Build.0 = Debug|Any CPU
		{C8F91A09-27CB-4103-AE87-1CBFED305596}.Debug|Any CPU.Deploy.0 = Debug|Any CPU
		{C8F91A09-27CB-4103-AE87-1CBFED305596}.Debug|iPhone.ActiveCfg = Debug|Any CPU
		{C8F91A09-27CB-4103-AE87-1CBFED305596}.Debug|iPhone.Build.0 = Debug|Any CPU
		{C8F91A09-27CB-4103-AE87-1CBFED305596}.Debug|iPhone.Deploy.0 = Debug|Any CPU
		{C8F91A09-27CB-4103-AE87-1CBFED305596}.Debug|iPhoneSimulator.ActiveCfg = Debug|Any CPU
		{C8F91A09-27CB-4103-AE87-1CBFED305596}.Debug|iPhoneSimulator.Build.0 = Debug|Any CPU
		{C8F91A09-27CB-4103-AE87-1CBFED305596}.Debug|iPhoneSimulator.Deploy.0 = Debug|Any CPU
		{C8F91A09-27CB-4103-AE87-1CBFED305596}.Release|Any CPU.ActiveCfg = Release|Any CPU
		{C8F91A09-27CB-4103-AE87-1CBFED305596}.Release|Any CPU.Build.0 = Release|Any CPU
		{C8F91A09-27CB-4103-AE87-1CBFED305596}.Release|Any CPU.Deploy.0 = Release|Any CPU
		{C8F91A09-27CB-4103-AE87-1CBFED305596}.Release|iPhone.ActiveCfg = Release|Any CPU
		{C8F91A09-27CB-4103-AE87-1CBFED305596}.Release|iPhone.Build.0 = Release|Any CPU
		{C8F91A09-27CB-4103-AE87-1CBFED305596}.Release|iPhone.Deploy.0 = Release|Any CPU
		{C8F91A09-27CB-4103-AE87-1CBFED305596}.Release|iPhoneSimulator.ActiveCfg = Release|Any CPU
		{C8F91A09-27CB-4103-AE87-1CBFED305596}.Release|iPhoneSimulator.Build.0 = Release|Any CPU
		{C8F91A09-27CB-4103-AE87-1CBFED305596}.Release|iPhoneSimulator.Deploy.0 = Release|Any CPU
		{66BF6496-02E1-4030-A968-E693909C0945}.Debug|Any CPU.ActiveCfg = Debug|iPhone
		{66BF6496-02E1-4030-A968-E693909C0945}.Debug|Any CPU.Build.0 = Debug|iPhone
		{66BF6496-02E1-4030-A968-E693909C0945}.Debug|Any CPU.Deploy.0 = Debug|iPhone
		{66BF6496-02E1-4030-A968-E693909C0945}.Debug|iPhone.ActiveCfg = Debug|iPhone
		{66BF6496-02E1-4030-A968-E693909C0945}.Debug|iPhone.Build.0 = Debug|iPhone
		{66BF6496-02E1-4030-A968-E693909C0945}.Debug|iPhone.Deploy.0 = Debug|iPhone
		{66BF6496-02E1-4030-A968-E693909C0945}.Debug|iPhoneSimulator.ActiveCfg = Debug|iPhoneSimulator
		{66BF6496-02E1-4030-A968-E693909C0945}.Debug|iPhoneSimulator.Build.0 = Debug|iPhoneSimulator
		{66BF6496-02E1-4030-A968-E693909C0945}.Debug|iPhoneSimulator.Deploy.0 = Debug|iPhoneSimulator
		{66BF6496-02E1-4030-A968-E693909C0945}.Release|Any CPU.ActiveCfg = Release|iPhone
		{66BF6496-02E1-4030-A968-E693909C0945}.Release|Any CPU.Build.0 = Release|iPhone
		{66BF6496-02E1-4030-A968-E693909C0945}.Release|Any CPU.Deploy.0 = Release|iPhone
		{66BF6496-02E1-4030-A968-E693909C0945}.Release|iPhone.ActiveCfg = Release|iPhone
		{66BF6496-02E1-4030-A968-E693909C0945}.Release|iPhone.Build.0 = Release|iPhone
		{66BF6496-02E1-4030-A968-E693909C0945}.Release|iPhone.Deploy.0 = Release|iPhone
		{66BF6496-02E1-4030-A968-E693909C0945}.Release|iPhoneSimulator.ActiveCfg = Release|iPhoneSimulator
		{66BF6496-02E1-4030-A968-E693909C0945}.Release|iPhoneSimulator.Build.0 = Release|iPhoneSimulator
		{66BF6496-02E1-4030-A968-E693909C0945}.Release|iPhoneSimulator.Deploy.0 = Release|iPhoneSimulator
		{8111A4C7-5577-4C00-96EB-2D724FEEFC69}.Debug|Any CPU.ActiveCfg = Debug|Any CPU
		{8111A4C7-5577-4C00-96EB-2D724FEEFC69}.Debug|Any CPU.Build.0 = Debug|Any CPU
		{8111A4C7-5577-4C00-96EB-2D724FEEFC69}.Debug|Any CPU.Deploy.0 = Debug|Any CPU
		{8111A4C7-5577-4C00-96EB-2D724FEEFC69}.Debug|iPhone.ActiveCfg = Debug|Any CPU
		{8111A4C7-5577-4C00-96EB-2D724FEEFC69}.Debug|iPhone.Build.0 = Debug|Any CPU
		{8111A4C7-5577-4C00-96EB-2D724FEEFC69}.Debug|iPhone.Deploy.0 = Debug|Any CPU
		{8111A4C7-5577-4C00-96EB-2D724FEEFC69}.Debug|iPhoneSimulator.ActiveCfg = Debug|Any CPU
		{8111A4C7-5577-4C00-96EB-2D724FEEFC69}.Debug|iPhoneSimulator.Build.0 = Debug|Any CPU
		{8111A4C7-5577-4C00-96EB-2D724FEEFC69}.Debug|iPhoneSimulator.Deploy.0 = Debug|Any CPU
		{8111A4C7-5577-4C00-96EB-2D724FEEFC69}.Release|Any CPU.ActiveCfg = Release|Any CPU
		{8111A4C7-5577-4C00-96EB-2D724FEEFC69}.Release|Any CPU.Build.0 = Release|Any CPU
		{8111A4C7-5577-4C00-96EB-2D724FEEFC69}.Release|Any CPU.Deploy.0 = Release|Any CPU
		{8111A4C7-5577-4C00-96EB-2D724FEEFC69}.Release|iPhone.ActiveCfg = Release|Any CPU
		{8111A4C7-5577-4C00-96EB-2D724FEEFC69}.Release|iPhone.Build.0 = Release|Any CPU
		{8111A4C7-5577-4C00-96EB-2D724FEEFC69}.Release|iPhone.Deploy.0 = Release|Any CPU
		{8111A4C7-5577-4C00-96EB-2D724FEEFC69}.Release|iPhoneSimulator.ActiveCfg = Release|Any CPU
		{8111A4C7-5577-4C00-96EB-2D724FEEFC69}.Release|iPhoneSimulator.Build.0 = Release|Any CPU
		{8111A4C7-5577-4C00-96EB-2D724FEEFC69}.Release|iPhoneSimulator.Deploy.0 = Release|Any CPU
		{3B58651B-CC49-4875-AA09-536AF4802A4D}.Debug|Any CPU.ActiveCfg = Debug|Any CPU
		{3B58651B-CC49-4875-AA09-536AF4802A4D}.Debug|Any CPU.Build.0 = Debug|Any CPU
		{3B58651B-CC49-4875-AA09-536AF4802A4D}.Debug|Any CPU.Deploy.0 = Debug|Any CPU
		{3B58651B-CC49-4875-AA09-536AF4802A4D}.Debug|iPhone.ActiveCfg = Debug|Any CPU
		{3B58651B-CC49-4875-AA09-536AF4802A4D}.Debug|iPhone.Build.0 = Debug|Any CPU
		{3B58651B-CC49-4875-AA09-536AF4802A4D}.Debug|iPhone.Deploy.0 = Debug|Any CPU
		{3B58651B-CC49-4875-AA09-536AF4802A4D}.Debug|iPhoneSimulator.ActiveCfg = Debug|Any CPU
		{3B58651B-CC49-4875-AA09-536AF4802A4D}.Debug|iPhoneSimulator.Build.0 = Debug|Any CPU
		{3B58651B-CC49-4875-AA09-536AF4802A4D}.Debug|iPhoneSimulator.Deploy.0 = Debug|Any CPU
		{3B58651B-CC49-4875-AA09-536AF4802A4D}.Release|Any CPU.ActiveCfg = Release|Any CPU
		{3B58651B-CC49-4875-AA09-536AF4802A4D}.Release|Any CPU.Build.0 = Release|Any CPU
		{3B58651B-CC49-4875-AA09-536AF4802A4D}.Release|Any CPU.Deploy.0 = Release|Any CPU
		{3B58651B-CC49-4875-AA09-536AF4802A4D}.Release|iPhone.ActiveCfg = Release|Any CPU
		{3B58651B-CC49-4875-AA09-536AF4802A4D}.Release|iPhone.Build.0 = Release|Any CPU
		{3B58651B-CC49-4875-AA09-536AF4802A4D}.Release|iPhone.Deploy.0 = Release|Any CPU
		{3B58651B-CC49-4875-AA09-536AF4802A4D}.Release|iPhoneSimulator.ActiveCfg = Release|Any CPU
		{3B58651B-CC49-4875-AA09-536AF4802A4D}.Release|iPhoneSimulator.Build.0 = Release|Any CPU
		{3B58651B-CC49-4875-AA09-536AF4802A4D}.Release|iPhoneSimulator.Deploy.0 = Release|Any CPU
	EndGlobalSection
	GlobalSection(SolutionProperties) = preSolution
		HideSolutionNode = FALSE
	EndGlobalSection
	GlobalSection(ExtensibilityGlobals) = postSolution
		SolutionGuid = {34C056CC-E314-40F5-9586-804858C0E606}
	EndGlobalSection
EndGlobal
